
Microsoft Visual Studio Solution File, Format Version 12.00
# Visual Studio Version 16
VisualStudioVersion = 16.0.29306.81
MinimumVisualStudioVersion = 10.0.40219.1
Project("{FAE04EC0-301F-11D3-BF4B-00C04F79EFBC}") = "keyvaultMSI", "keyvaultMSI\keyvaultMSI.csproj", "{61C065A1-D912-4B99-8A69-BD64038CE2A2}"
EndProject
Global
	GlobalSection(SolutionConfigurationPlatforms) = preSolution
		Debug|Any CPU = Debug|Any CPU
		Release|Any CPU = Release|Any CPU
	EndGlobalSection
	GlobalSection(ProjectConfigurationPlatforms) = postSolution
		{61C065A1-D912-4B99-8A69-BD64038CE2A2}.Debug|Any CPU.ActiveCfg = Debug|Any CPU
		{61C065A1-D912-4B99-8A69-BD64038CE2A2}.Debug|Any CPU.Build.0 = Debug|Any CPU
		{61C065A1-D912-4B99-8A69-BD64038CE2A2}.Release|Any CPU.ActiveCfg = Release|Any CPU
		{61C065A1-D912-4B99-8A69-BD64038CE2A2}.Release|Any CPU.Build.0 = Release|Any CPU
	EndGlobalSection
	GlobalSection(SolutionProperties) = preSolution
		HideSolutionNode = FALSE
	EndGlobalSection
	GlobalSection(ExtensibilityGlobals) = postSolution
		SolutionGuid = {7B3CC4FB-A15A-464F-A379-954517918DA9}
	EndGlobalSection
EndGlobal
