
Microsoft Visual Studio Solution File, Format Version 12.00
# Visual Studio Version 16
VisualStudioVersion = 16.0.29324.140
MinimumVisualStudioVersion = 10.0.40219.1
Project("{FAE04EC0-301F-11D3-BF4B-00C04F79EFBC}") = "WebAppMSI", "WebAppMSI\WebAppMSI.csproj", "{382629FF-27EF-4122-B905-B48E9630FA82}"
EndProject
Global
	GlobalSection(SolutionConfigurationPlatforms) = preSolution
		Debug|Any CPU = Debug|Any CPU
		Release|Any CPU = Release|Any CPU
	EndGlobalSection
	GlobalSection(ProjectConfigurationPlatforms) = postSolution
		{382629FF-27EF-4122-B905-B48E9630FA82}.Debug|Any CPU.ActiveCfg = Debug|Any CPU
		{382629FF-27EF-4122-B905-B48E9630FA82}.Debug|Any CPU.Build.0 = Debug|Any CPU
		{382629FF-27EF-4122-B905-B48E9630FA82}.Release|Any CPU.ActiveCfg = Release|Any CPU
		{382629FF-27EF-4122-B905-B48E9630FA82}.Release|Any CPU.Build.0 = Release|Any CPU
	EndGlobalSection
	GlobalSection(SolutionProperties) = preSolution
		HideSolutionNode = FALSE
	EndGlobalSection
	GlobalSection(ExtensibilityGlobals) = postSolution
		SolutionGuid = {B0AFDEF8-442C-48A5-8BD0-A6B57C6E2E7B}
	EndGlobalSection
EndGlobal
